{
  "name": "nodeblog",
  "version": "0.0.0",
  "dependencies": {
    "ansi-regex": {
      "version": "0.2.1",
      "from": "ansi-regex@>=0.2.0 <0.3.0",
      "resolved": "https://registry.npmjs.org/ansi-regex/-/ansi-regex-0.2.1.tgz"
    },
    "ansi-styles": {
      "version": "1.1.0",
      "from": "ansi-styles@>=1.1.0 <2.0.0",
      "resolved": "https://registry.npmjs.org/ansi-styles/-/ansi-styles-1.1.0.tgz"
    },
    "bluebird": {
      "version": "3.5.0",
      "from": "http://registry.npm.taobao.org/bluebird/download/bluebird-3.5.0.tgz",
      "resolved": "http://registry.npm.taobao.org/bluebird/download/bluebird-3.5.0.tgz"
    },
    "body-parser": {
      "version": "1.17.2",
      "from": "http://registry.npm.taobao.org/body-parser/download/body-parser-1.17.2.tgz",
      "resolved": "http://registry.npm.taobao.org/body-parser/download/body-parser-1.17.2.tgz",
      "dependencies": {
        "bytes": {
          "version": "2.4.0",
          "from": "http://registry.npm.taobao.org/bytes/download/bytes-2.4.0.tgz",
          "resolved": "http://registry.npm.taobao.org/bytes/download/bytes-2.4.0.tgz"
        },
        "content-type": {
          "version": "1.0.2",
          "from": "http://registry.npm.taobao.org/content-type/download/content-type-1.0.2.tgz",
          "resolved": "http://registry.npm.taobao.org/content-type/download/content-type-1.0.2.tgz"
        },
        "debug": {
          "version": "2.6.7",
          "from": "http://registry.npm.taobao.org/debug/download/debug-2.6.7.tgz",
          "resolved": "http://registry.npm.taobao.org/debug/download/debug-2.6.7.tgz",
          "dependencies": {
            "ms": {
              "version": "2.0.0",
              "from": "http://registry.npm.taobao.org/ms/download/ms-2.0.0.tgz",
              "resolved": "http://registry.npm.taobao.org/ms/download/ms-2.0.0.tgz"
            }
          }
        },
        "depd": {
          "version": "1.1.1",
          "from": "http://registry.npm.taobao.org/depd/download/depd-1.1.1.tgz",
          "resolved": "http://registry.npm.taobao.org/depd/download/depd-1.1.1.tgz"
        },
        "http-errors": {
          "version": "1.6.1",
          "from": "http://registry.npm.taobao.org/http-errors/download/http-errors-1.6.1.tgz",
          "resolved": "http://registry.npm.taobao.org/http-errors/download/http-errors-1.6.1.tgz",
          "dependencies": {
            "depd": {
              "version": "1.1.0",
              "from": "http://registry.npm.taobao.org/depd/download/depd-1.1.0.tgz",
              "resolved": "http://registry.npm.taobao.org/depd/download/depd-1.1.0.tgz"
            },
            "inherits": {
              "version": "2.0.3",
              "from": "http://registry.npm.taobao.org/inherits/download/inherits-2.0.3.tgz",
              "resolved": "http://registry.npm.taobao.org/inherits/download/inherits-2.0.3.tgz"
            },
            "setprototypeof": {
              "version": "1.0.3",
              "from": "http://registry.npm.taobao.org/setprototypeof/download/setprototypeof-1.0.3.tgz",
              "resolved": "http://registry.npm.taobao.org/setprototypeof/download/setprototypeof-1.0.3.tgz"
            },
            "statuses": {
              "version": "1.3.1",
              "from": "http://registry.npm.taobao.org/statuses/download/statuses-1.3.1.tgz",
              "resolved": "http://registry.npm.taobao.org/statuses/download/statuses-1.3.1.tgz"
            }
          }
        },
        "iconv-lite": {
          "version": "0.4.15",
          "from": "http://registry.npm.taobao.org/iconv-lite/download/iconv-lite-0.4.15.tgz",
          "resolved": "http://registry.npm.taobao.org/iconv-lite/download/iconv-lite-0.4.15.tgz"
        },
        "on-finished": {
          "version": "2.3.0",
          "from": "http://registry.npm.taobao.org/on-finished/download/on-finished-2.3.0.tgz",
          "resolved": "http://registry.npm.taobao.org/on-finished/download/on-finished-2.3.0.tgz",
          "dependencies": {
            "ee-first": {
              "version": "1.1.1",
              "from": "http://registry.npm.taobao.org/ee-first/download/ee-first-1.1.1.tgz",
              "resolved": "http://registry.npm.taobao.org/ee-first/download/ee-first-1.1.1.tgz"
            }
          }
        },
        "qs": {
          "version": "6.4.0",
          "from": "http://registry.npm.taobao.org/qs/download/qs-6.4.0.tgz",
          "resolved": "http://registry.npm.taobao.org/qs/download/qs-6.4.0.tgz"
        },
        "raw-body": {
          "version": "2.2.0",
          "from": "http://registry.npm.taobao.org/raw-body/download/raw-body-2.2.0.tgz",
          "resolved": "http://registry.npm.taobao.org/raw-body/download/raw-body-2.2.0.tgz",
          "dependencies": {
            "unpipe": {
              "version": "1.0.0",
              "from": "http://registry.npm.taobao.org/unpipe/download/unpipe-1.0.0.tgz",
              "resolved": "http://registry.npm.taobao.org/unpipe/download/unpipe-1.0.0.tgz"
            }
          }
        },
        "type-is": {
          "version": "1.6.15",
          "from": "http://registry.npm.taobao.org/type-is/download/type-is-1.6.15.tgz",
          "resolved": "http://registry.npm.taobao.org/type-is/download/type-is-1.6.15.tgz",
          "dependencies": {
            "media-typer": {
              "version": "0.3.0",
              "from": "http://registry.npm.taobao.org/media-typer/download/media-typer-0.3.0.tgz",
              "resolved": "http://registry.npm.taobao.org/media-typer/download/media-typer-0.3.0.tgz"
            },
            "mime-types": {
              "version": "2.1.16",
              "from": "http://registry.npm.taobao.org/mime-types/download/mime-types-2.1.16.tgz",
              "resolved": "http://registry.npm.taobao.org/mime-types/download/mime-types-2.1.16.tgz",
              "dependencies": {
                "mime-db": {
                  "version": "1.29.0",
                  "from": "http://registry.npm.taobao.org/mime-db/download/mime-db-1.29.0.tgz",
                  "resolved": "http://registry.npm.taobao.org/mime-db/download/mime-db-1.29.0.tgz"
                }
              }
            }
          }
        }
      }
    },
    "chalk": {
      "version": "0.5.1",
      "from": "chalk@0.5.1",
      "resolved": "https://registry.npmjs.org/chalk/-/chalk-0.5.1.tgz",
      "dependencies": {
        "supports-color": {
          "version": "0.2.0",
          "from": "supports-color@>=0.2.0 <0.3.0",
          "resolved": "https://registry.npmjs.org/supports-color/-/supports-color-0.2.0.tgz"
        }
      }
    },
    "commander": {
      "version": "2.6.0",
      "from": "commander@2.6.0",
      "resolved": "https://registry.npmjs.org/commander/-/commander-2.6.0.tgz"
    },
    "concurrently": {
      "version": "3.5.0",
      "from": "concurrently@latest",
      "resolved": "https://registry.npm.taobao.org/concurrently/download/concurrently-3.5.0.tgz"
    },
    "connect-mongo": {
      "version": "1.3.2",
      "from": "http://registry.npm.taobao.org/connect-mongo/download/connect-mongo-1.3.2.tgz",
      "resolved": "http://registry.npm.taobao.org/connect-mongo/download/connect-mongo-1.3.2.tgz",
      "dependencies": {
        "mongodb": {
          "version": "2.2.30",
          "from": "http://registry.npm.taobao.org/mongodb/download/mongodb-2.2.30.tgz",
          "resolved": "http://registry.npm.taobao.org/mongodb/download/mongodb-2.2.30.tgz",
          "dependencies": {
            "es6-promise": {
              "version": "3.2.1",
              "from": "http://registry.npm.taobao.org/es6-promise/download/es6-promise-3.2.1.tgz",
              "resolved": "http://registry.npm.taobao.org/es6-promise/download/es6-promise-3.2.1.tgz"
            },
            "mongodb-core": {
              "version": "2.1.14",
              "from": "http://registry.npm.taobao.org/mongodb-core/download/mongodb-core-2.1.14.tgz",
              "resolved": "http://registry.npm.taobao.org/mongodb-core/download/mongodb-core-2.1.14.tgz",
              "dependencies": {
                "bson": {
                  "version": "1.0.4",
                  "from": "http://registry.npm.taobao.org/bson/download/bson-1.0.4.tgz",
                  "resolved": "http://registry.npm.taobao.org/bson/download/bson-1.0.4.tgz"
                },
                "require_optional": {
                  "version": "1.0.1",
                  "from": "http://registry.npm.taobao.org/require_optional/download/require_optional-1.0.1.tgz",
                  "resolved": "http://registry.npm.taobao.org/require_optional/download/require_optional-1.0.1.tgz",
                  "dependencies": {
                    "resolve-from": {
                      "version": "2.0.0",
                      "from": "http://registry.npm.taobao.org/resolve-from/download/resolve-from-2.0.0.tgz",
                      "resolved": "http://registry.npm.taobao.org/resolve-from/download/resolve-from-2.0.0.tgz"
                    },
                    "semver": {
                      "version": "5.4.1",
                      "from": "http://registry.npm.taobao.org/semver/download/semver-5.4.1.tgz",
                      "resolved": "http://registry.npm.taobao.org/semver/download/semver-5.4.1.tgz"
                    }
                  }
                }
              }
            },
            "readable-stream": {
              "version": "2.2.7",
              "from": "http://registry.npm.taobao.org/readable-stream/download/readable-stream-2.2.7.tgz",
              "resolved": "http://registry.npm.taobao.org/readable-stream/download/readable-stream-2.2.7.tgz",
              "dependencies": {
                "buffer-shims": {
                  "version": "1.0.0",
                  "from": "http://registry.npm.taobao.org/buffer-shims/download/buffer-shims-1.0.0.tgz",
                  "resolved": "http://registry.npm.taobao.org/buffer-shims/download/buffer-shims-1.0.0.tgz"
                },
                "core-util-is": {
                  "version": "1.0.2",
                  "from": "http://registry.npm.taobao.org/core-util-is/download/core-util-is-1.0.2.tgz",
                  "resolved": "http://registry.npm.taobao.org/core-util-is/download/core-util-is-1.0.2.tgz"
                },
                "inherits": {
                  "version": "2.0.3",
                  "from": "http://registry.npm.taobao.org/inherits/download/inherits-2.0.3.tgz",
                  "resolved": "http://registry.npm.taobao.org/inherits/download/inherits-2.0.3.tgz"
                },
                "isarray": {
                  "version": "1.0.0",
                  "from": "http://registry.npm.taobao.org/isarray/download/isarray-1.0.0.tgz",
                  "resolved": "http://registry.npm.taobao.org/isarray/download/isarray-1.0.0.tgz"
                },
                "process-nextick-args": {
                  "version": "1.0.7",
                  "from": "http://registry.npm.taobao.org/process-nextick-args/download/process-nextick-args-1.0.7.tgz",
                  "resolved": "http://registry.npm.taobao.org/process-nextick-args/download/process-nextick-args-1.0.7.tgz"
                },
                "string_decoder": {
                  "version": "1.0.3",
                  "from": "http://registry.npm.taobao.org/string_decoder/download/string_decoder-1.0.3.tgz",
                  "resolved": "http://registry.npm.taobao.org/string_decoder/download/string_decoder-1.0.3.tgz",
                  "dependencies": {
                    "safe-buffer": {
                      "version": "5.1.1",
                      "from": "http://registry.npm.taobao.org/safe-buffer/download/safe-buffer-5.1.1.tgz",
                      "resolved": "http://registry.npm.taobao.org/safe-buffer/download/safe-buffer-5.1.1.tgz"
                    }
                  }
                },
                "util-deprecate": {
                  "version": "1.0.2",
                  "from": "http://registry.npm.taobao.org/util-deprecate/download/util-deprecate-1.0.2.tgz",
                  "resolved": "http://registry.npm.taobao.org/util-deprecate/download/util-deprecate-1.0.2.tgz"
                }
              }
            }
          }
        }
      }
    },
    "cookie-parser": {
      "version": "1.4.3",
      "from": "http://registry.npm.taobao.org/cookie-parser/download/cookie-parser-1.4.3.tgz",
      "resolved": "http://registry.npm.taobao.org/cookie-parser/download/cookie-parser-1.4.3.tgz",
      "dependencies": {
        "cookie": {
          "version": "0.3.1",
          "from": "http://registry.npm.taobao.org/cookie/download/cookie-0.3.1.tgz",
          "resolved": "http://registry.npm.taobao.org/cookie/download/cookie-0.3.1.tgz"
        },
        "cookie-signature": {
          "version": "1.0.6",
          "from": "http://registry.npm.taobao.org/cookie-signature/download/cookie-signature-1.0.6.tgz",
          "resolved": "http://registry.npm.taobao.org/cookie-signature/download/cookie-signature-1.0.6.tgz"
        }
      }
    },
    "date-fns": {
      "version": "1.28.5",
      "from": "date-fns@>=1.23.0 <2.0.0",
      "resolved": "https://registry.npm.taobao.org/date-fns/download/date-fns-1.28.5.tgz"
    },
    "debug": {
      "version": "2.6.8",
      "from": "http://registry.npm.taobao.org/debug/download/debug-2.6.8.tgz",
      "resolved": "http://registry.npm.taobao.org/debug/download/debug-2.6.8.tgz",
      "dependencies": {
        "ms": {
          "version": "2.0.0",
          "from": "http://registry.npm.taobao.org/ms/download/ms-2.0.0.tgz",
          "resolved": "http://registry.npm.taobao.org/ms/download/ms-2.0.0.tgz"
        }
      }
    },
    "ejs": {
      "version": "2.5.7",
      "from": "http://registry.npm.taobao.org/ejs/download/ejs-2.5.7.tgz",
      "resolved": "http://registry.npm.taobao.org/ejs/download/ejs-2.5.7.tgz"
    },
    "escape-string-regexp": {
      "version": "1.0.5",
      "from": "escape-string-regexp@>=1.0.0 <2.0.0",
      "resolved": "https://registry.npmjs.org/escape-string-regexp/-/escape-string-regexp-1.0.5.tgz"
    },
    "express": {
      "version": "4.15.3",
      "from": "http://registry.npm.taobao.org/express/download/express-4.15.3.tgz",
      "resolved": "http://registry.npm.taobao.org/express/download/express-4.15.3.tgz",
      "dependencies": {
        "accepts": {
          "version": "1.3.3",
          "from": "http://registry.npm.taobao.org/accepts/download/accepts-1.3.3.tgz",
          "resolved": "http://registry.npm.taobao.org/accepts/download/accepts-1.3.3.tgz",
          "dependencies": {
            "mime-types": {
              "version": "2.1.16",
              "from": "http://registry.npm.taobao.org/mime-types/download/mime-types-2.1.16.tgz",
              "resolved": "http://registry.npm.taobao.org/mime-types/download/mime-types-2.1.16.tgz",
              "dependencies": {
                "mime-db": {
                  "version": "1.29.0",
                  "from": "http://registry.npm.taobao.org/mime-db/download/mime-db-1.29.0.tgz",
                  "resolved": "http://registry.npm.taobao.org/mime-db/download/mime-db-1.29.0.tgz"
                }
              }
            },
            "negotiator": {
              "version": "0.6.1",
              "from": "http://registry.npm.taobao.org/negotiator/download/negotiator-0.6.1.tgz",
              "resolved": "http://registry.npm.taobao.org/negotiator/download/negotiator-0.6.1.tgz"
            }
          }
        },
        "array-flatten": {
          "version": "1.1.1",
          "from": "http://registry.npm.taobao.org/array-flatten/download/array-flatten-1.1.1.tgz",
          "resolved": "http://registry.npm.taobao.org/array-flatten/download/array-flatten-1.1.1.tgz"
        },
        "content-disposition": {
          "version": "0.5.2",
          "from": "http://registry.npm.taobao.org/content-disposition/download/content-disposition-0.5.2.tgz",
          "resolved": "http://registry.npm.taobao.org/content-disposition/download/content-disposition-0.5.2.tgz"
        },
        "content-type": {
          "version": "1.0.2",
          "from": "http://registry.npm.taobao.org/content-type/download/content-type-1.0.2.tgz",
          "resolved": "http://registry.npm.taobao.org/content-type/download/content-type-1.0.2.tgz"
        },
        "cookie": {
          "version": "0.3.1",
          "from": "http://registry.npm.taobao.org/cookie/download/cookie-0.3.1.tgz",
          "resolved": "http://registry.npm.taobao.org/cookie/download/cookie-0.3.1.tgz"
        },
        "cookie-signature": {
          "version": "1.0.6",
          "from": "http://registry.npm.taobao.org/cookie-signature/download/cookie-signature-1.0.6.tgz",
          "resolved": "http://registry.npm.taobao.org/cookie-signature/download/cookie-signature-1.0.6.tgz"
        },
        "debug": {
          "version": "2.6.7",
          "from": "http://registry.npm.taobao.org/debug/download/debug-2.6.7.tgz",
          "resolved": "http://registry.npm.taobao.org/debug/download/debug-2.6.7.tgz",
          "dependencies": {
            "ms": {
              "version": "2.0.0",
              "from": "http://registry.npm.taobao.org/ms/download/ms-2.0.0.tgz",
              "resolved": "http://registry.npm.taobao.org/ms/download/ms-2.0.0.tgz"
            }
          }
        },
        "depd": {
          "version": "1.1.1",
          "from": "http://registry.npm.taobao.org/depd/download/depd-1.1.1.tgz",
          "resolved": "http://registry.npm.taobao.org/depd/download/depd-1.1.1.tgz"
        },
        "encodeurl": {
          "version": "1.0.1",
          "from": "http://registry.npm.taobao.org/encodeurl/download/encodeurl-1.0.1.tgz",
          "resolved": "http://registry.npm.taobao.org/encodeurl/download/encodeurl-1.0.1.tgz"
        },
        "escape-html": {
          "version": "1.0.3",
          "from": "http://registry.npm.taobao.org/escape-html/download/escape-html-1.0.3.tgz",
          "resolved": "http://registry.npm.taobao.org/escape-html/download/escape-html-1.0.3.tgz"
        },
        "etag": {
          "version": "1.8.0",
          "from": "http://registry.npm.taobao.org/etag/download/etag-1.8.0.tgz",
          "resolved": "http://registry.npm.taobao.org/etag/download/etag-1.8.0.tgz"
        },
        "finalhandler": {
          "version": "1.0.3",
          "from": "http://registry.npm.taobao.org/finalhandler/download/finalhandler-1.0.3.tgz",
          "resolved": "http://registry.npm.taobao.org/finalhandler/download/finalhandler-1.0.3.tgz",
          "dependencies": {
            "unpipe": {
              "version": "1.0.0",
              "from": "http://registry.npm.taobao.org/unpipe/download/unpipe-1.0.0.tgz",
              "resolved": "http://registry.npm.taobao.org/unpipe/download/unpipe-1.0.0.tgz"
            }
          }
        },
        "fresh": {
          "version": "0.5.0",
          "from": "http://registry.npm.taobao.org/fresh/download/fresh-0.5.0.tgz",
          "resolved": "http://registry.npm.taobao.org/fresh/download/fresh-0.5.0.tgz"
        },
        "merge-descriptors": {
          "version": "1.0.1",
          "from": "http://registry.npm.taobao.org/merge-descriptors/download/merge-descriptors-1.0.1.tgz",
          "resolved": "http://registry.npm.taobao.org/merge-descriptors/download/merge-descriptors-1.0.1.tgz"
        },
        "methods": {
          "version": "1.1.2",
          "from": "http://registry.npm.taobao.org/methods/download/methods-1.1.2.tgz",
          "resolved": "http://registry.npm.taobao.org/methods/download/methods-1.1.2.tgz"
        },
        "on-finished": {
          "version": "2.3.0",
          "from": "http://registry.npm.taobao.org/on-finished/download/on-finished-2.3.0.tgz",
          "resolved": "http://registry.npm.taobao.org/on-finished/download/on-finished-2.3.0.tgz",
          "dependencies": {
            "ee-first": {
              "version": "1.1.1",
              "from": "http://registry.npm.taobao.org/ee-first/download/ee-first-1.1.1.tgz",
              "resolved": "http://registry.npm.taobao.org/ee-first/download/ee-first-1.1.1.tgz"
            }
          }
        },
        "parseurl": {
          "version": "1.3.1",
          "from": "http://registry.npm.taobao.org/parseurl/download/parseurl-1.3.1.tgz",
          "resolved": "http://registry.npm.taobao.org/parseurl/download/parseurl-1.3.1.tgz"
        },
        "path-to-regexp": {
          "version": "0.1.7",
          "from": "http://registry.npm.taobao.org/path-to-regexp/download/path-to-regexp-0.1.7.tgz",
          "resolved": "http://registry.npm.taobao.org/path-to-regexp/download/path-to-regexp-0.1.7.tgz"
        },
        "proxy-addr": {
          "version": "1.1.5",
          "from": "http://registry.npm.taobao.org/proxy-addr/download/proxy-addr-1.1.5.tgz",
          "resolved": "http://registry.npm.taobao.org/proxy-addr/download/proxy-addr-1.1.5.tgz",
          "dependencies": {
            "forwarded": {
              "version": "0.1.0",
              "from": "http://registry.npm.taobao.org/forwarded/download/forwarded-0.1.0.tgz",
              "resolved": "http://registry.npm.taobao.org/forwarded/download/forwarded-0.1.0.tgz"
            },
            "ipaddr.js": {
              "version": "1.4.0",
              "from": "http://registry.npm.taobao.org/ipaddr.js/download/ipaddr.js-1.4.0.tgz",
              "resolved": "http://registry.npm.taobao.org/ipaddr.js/download/ipaddr.js-1.4.0.tgz"
            }
          }
        },
        "qs": {
          "version": "6.4.0",
          "from": "http://registry.npm.taobao.org/qs/download/qs-6.4.0.tgz",
          "resolved": "http://registry.npm.taobao.org/qs/download/qs-6.4.0.tgz"
        },
        "range-parser": {
          "version": "1.2.0",
          "from": "http://registry.npm.taobao.org/range-parser/download/range-parser-1.2.0.tgz",
          "resolved": "http://registry.npm.taobao.org/range-parser/download/range-parser-1.2.0.tgz"
        },
        "send": {
          "version": "0.15.3",
          "from": "http://registry.npm.taobao.org/send/download/send-0.15.3.tgz",
          "resolved": "http://registry.npm.taobao.org/send/download/send-0.15.3.tgz",
          "dependencies": {
            "destroy": {
              "version": "1.0.4",
              "from": "http://registry.npm.taobao.org/destroy/download/destroy-1.0.4.tgz",
              "resolved": "http://registry.npm.taobao.org/destroy/download/destroy-1.0.4.tgz"
            },
            "http-errors": {
              "version": "1.6.1",
              "from": "http://registry.npm.taobao.org/http-errors/download/http-errors-1.6.1.tgz",
              "resolved": "http://registry.npm.taobao.org/http-errors/download/http-errors-1.6.1.tgz",
              "dependencies": {
                "depd": {
                  "version": "1.1.0",
                  "from": "http://registry.npm.taobao.org/depd/download/depd-1.1.0.tgz",
                  "resolved": "http://registry.npm.taobao.org/depd/download/depd-1.1.0.tgz"
                },
                "inherits": {
                  "version": "2.0.3",
                  "from": "http://registry.npm.taobao.org/inherits/download/inherits-2.0.3.tgz",
                  "resolved": "http://registry.npm.taobao.org/inherits/download/inherits-2.0.3.tgz"
                }
              }
            },
            "mime": {
              "version": "1.3.4",
              "from": "http://registry.npm.taobao.org/mime/download/mime-1.3.4.tgz",
              "resolved": "http://registry.npm.taobao.org/mime/download/mime-1.3.4.tgz"
            },
            "ms": {
              "version": "2.0.0",
              "from": "http://registry.npm.taobao.org/ms/download/ms-2.0.0.tgz",
              "resolved": "http://registry.npm.taobao.org/ms/download/ms-2.0.0.tgz"
            }
          }
        },
        "serve-static": {
          "version": "1.12.3",
          "from": "http://registry.npm.taobao.org/serve-static/download/serve-static-1.12.3.tgz",
          "resolved": "http://registry.npm.taobao.org/serve-static/download/serve-static-1.12.3.tgz"
        },
        "setprototypeof": {
          "version": "1.0.3",
          "from": "http://registry.npm.taobao.org/setprototypeof/download/setprototypeof-1.0.3.tgz",
          "resolved": "http://registry.npm.taobao.org/setprototypeof/download/setprototypeof-1.0.3.tgz"
        },
        "statuses": {
          "version": "1.3.1",
          "from": "http://registry.npm.taobao.org/statuses/download/statuses-1.3.1.tgz",
          "resolved": "http://registry.npm.taobao.org/statuses/download/statuses-1.3.1.tgz"
        },
        "type-is": {
          "version": "1.6.15",
          "from": "http://registry.npm.taobao.org/type-is/download/type-is-1.6.15.tgz",
          "resolved": "http://registry.npm.taobao.org/type-is/download/type-is-1.6.15.tgz",
          "dependencies": {
            "media-typer": {
              "version": "0.3.0",
              "from": "http://registry.npm.taobao.org/media-typer/download/media-typer-0.3.0.tgz",
              "resolved": "http://registry.npm.taobao.org/media-typer/download/media-typer-0.3.0.tgz"
            },
            "mime-types": {
              "version": "2.1.16",
              "from": "http://registry.npm.taobao.org/mime-types/download/mime-types-2.1.16.tgz",
              "resolved": "http://registry.npm.taobao.org/mime-types/download/mime-types-2.1.16.tgz"
            }
          }
        },
        "utils-merge": {
          "version": "1.0.0",
          "from": "http://registry.npm.taobao.org/utils-merge/download/utils-merge-1.0.0.tgz",
          "resolved": "http://registry.npm.taobao.org/utils-merge/download/utils-merge-1.0.0.tgz"
        },
        "vary": {
          "version": "1.1.1",
          "from": "http://registry.npm.taobao.org/vary/download/vary-1.1.1.tgz",
          "resolved": "http://registry.npm.taobao.org/vary/download/vary-1.1.1.tgz"
        }
      }
    },
    "express-session": {
      "version": "1.15.4",
      "from": "http://registry.npm.taobao.org/express-session/download/express-session-1.15.4.tgz",
      "resolved": "http://registry.npm.taobao.org/express-session/download/express-session-1.15.4.tgz",
      "dependencies": {
        "cookie": {
          "version": "0.3.1",
          "from": "http://registry.npm.taobao.org/cookie/download/cookie-0.3.1.tgz",
          "resolved": "http://registry.npm.taobao.org/cookie/download/cookie-0.3.1.tgz"
        },
        "cookie-signature": {
          "version": "1.0.6",
          "from": "http://registry.npm.taobao.org/cookie-signature/download/cookie-signature-1.0.6.tgz",
          "resolved": "http://registry.npm.taobao.org/cookie-signature/download/cookie-signature-1.0.6.tgz"
        },
        "crc": {
          "version": "3.4.4",
          "from": "http://registry.npm.taobao.org/crc/download/crc-3.4.4.tgz",
          "resolved": "http://registry.npm.taobao.org/crc/download/crc-3.4.4.tgz"
        },
        "depd": {
          "version": "1.1.1",
          "from": "http://registry.npm.taobao.org/depd/download/depd-1.1.1.tgz",
          "resolved": "http://registry.npm.taobao.org/depd/download/depd-1.1.1.tgz"
        },
        "on-headers": {
          "version": "1.0.1",
          "from": "http://registry.npm.taobao.org/on-headers/download/on-headers-1.0.1.tgz",
          "resolved": "http://registry.npm.taobao.org/on-headers/download/on-headers-1.0.1.tgz"
        },
        "parseurl": {
          "version": "1.3.1",
          "from": "http://registry.npm.taobao.org/parseurl/download/parseurl-1.3.1.tgz",
          "resolved": "http://registry.npm.taobao.org/parseurl/download/parseurl-1.3.1.tgz"
        },
        "uid-safe": {
          "version": "2.1.4",
          "from": "http://registry.npm.taobao.org/uid-safe/download/uid-safe-2.1.4.tgz",
          "resolved": "http://registry.npm.taobao.org/uid-safe/download/uid-safe-2.1.4.tgz",
          "dependencies": {
            "random-bytes": {
              "version": "1.0.0",
              "from": "http://registry.npm.taobao.org/random-bytes/download/random-bytes-1.0.0.tgz",
              "resolved": "http://registry.npm.taobao.org/random-bytes/download/random-bytes-1.0.0.tgz"
            }
          }
        },
        "utils-merge": {
          "version": "1.0.0",
          "from": "http://registry.npm.taobao.org/utils-merge/download/utils-merge-1.0.0.tgz",
          "resolved": "http://registry.npm.taobao.org/utils-merge/download/utils-merge-1.0.0.tgz"
        }
      }
    },
    "has-ansi": {
      "version": "0.1.0",
      "from": "has-ansi@>=0.1.0 <0.2.0",
      "resolved": "https://registry.npmjs.org/has-ansi/-/has-ansi-0.1.0.tgz"
    },
    "has-flag": {
      "version": "1.0.0",
      "from": "has-flag@>=1.0.0 <2.0.0",
      "resolved": "https://registry.npmjs.org/has-flag/-/has-flag-1.0.0.tgz"
    },
    "lodash": {
      "version": "4.17.4",
      "from": "lodash@>=4.5.1 <5.0.0",
      "resolved": "https://registry.npm.taobao.org/lodash/download/lodash-4.17.4.tgz"
    },
    "mime-db": {
      "version": "1.29.0",
      "from": "mime-db@>=1.29.0 <1.30.0",
      "resolved": "https://registry.npm.taobao.org/mime-db/download/mime-db-1.29.0.tgz"
    },
    "mongoose": {
      "version": "4.11.5",
      "from": "http://registry.npm.taobao.org/mongoose/download/mongoose-4.11.5.tgz",
      "resolved": "http://registry.npm.taobao.org/mongoose/download/mongoose-4.11.5.tgz",
      "dependencies": {
        "async": {
          "version": "2.1.4",
          "from": "http://registry.npm.taobao.org/async/download/async-2.1.4.tgz",
          "resolved": "http://registry.npm.taobao.org/async/download/async-2.1.4.tgz",
          "dependencies": {
            "lodash": {
              "version": "4.17.4",
              "from": "http://registry.npm.taobao.org/lodash/download/lodash-4.17.4.tgz",
              "resolved": "http://registry.npm.taobao.org/lodash/download/lodash-4.17.4.tgz"
            }
          }
        },
        "bson": {
          "version": "1.0.4",
          "from": "http://registry.npm.taobao.org/bson/download/bson-1.0.4.tgz",
          "resolved": "http://registry.npm.taobao.org/bson/download/bson-1.0.4.tgz"
        },
        "hooks-fixed": {
          "version": "2.0.0",
          "from": "http://registry.npm.taobao.org/hooks-fixed/download/hooks-fixed-2.0.0.tgz",
          "resolved": "http://registry.npm.taobao.org/hooks-fixed/download/hooks-fixed-2.0.0.tgz"
        },
        "kareem": {
          "version": "1.5.0",
          "from": "http://registry.npm.taobao.org/kareem/download/kareem-1.5.0.tgz",
          "resolved": "http://registry.npm.taobao.org/kareem/download/kareem-1.5.0.tgz"
        },
        "mongodb": {
          "version": "2.2.27",
          "from": "http://registry.npm.taobao.org/mongodb/download/mongodb-2.2.27.tgz",
          "resolved": "http://registry.npm.taobao.org/mongodb/download/mongodb-2.2.27.tgz",
          "dependencies": {
            "es6-promise": {
              "version": "3.2.1",
              "from": "http://registry.npm.taobao.org/es6-promise/download/es6-promise-3.2.1.tgz",
              "resolved": "http://registry.npm.taobao.org/es6-promise/download/es6-promise-3.2.1.tgz"
            },
            "mongodb-core": {
              "version": "2.1.11",
              "from": "http://registry.npm.taobao.org/mongodb-core/download/mongodb-core-2.1.11.tgz",
              "resolved": "http://registry.npm.taobao.org/mongodb-core/download/mongodb-core-2.1.11.tgz",
              "dependencies": {
                "require_optional": {
                  "version": "1.0.1",
                  "from": "http://registry.npm.taobao.org/require_optional/download/require_optional-1.0.1.tgz",
                  "resolved": "http://registry.npm.taobao.org/require_optional/download/require_optional-1.0.1.tgz",
                  "dependencies": {
                    "resolve-from": {
                      "version": "2.0.0",
                      "from": "http://registry.npm.taobao.org/resolve-from/download/resolve-from-2.0.0.tgz",
                      "resolved": "http://registry.npm.taobao.org/resolve-from/download/resolve-from-2.0.0.tgz"
                    },
                    "semver": {
                      "version": "5.4.1",
                      "from": "http://registry.npm.taobao.org/semver/download/semver-5.4.1.tgz",
                      "resolved": "http://registry.npm.taobao.org/semver/download/semver-5.4.1.tgz"
                    }
                  }
                }
              }
            },
            "readable-stream": {
              "version": "2.2.7",
              "from": "http://registry.npm.taobao.org/readable-stream/download/readable-stream-2.2.7.tgz",
              "resolved": "http://registry.npm.taobao.org/readable-stream/download/readable-stream-2.2.7.tgz",
              "dependencies": {
                "buffer-shims": {
                  "version": "1.0.0",
                  "from": "http://registry.npm.taobao.org/buffer-shims/download/buffer-shims-1.0.0.tgz",
                  "resolved": "http://registry.npm.taobao.org/buffer-shims/download/buffer-shims-1.0.0.tgz"
                },
                "core-util-is": {
                  "version": "1.0.2",
                  "from": "http://registry.npm.taobao.org/core-util-is/download/core-util-is-1.0.2.tgz",
                  "resolved": "http://registry.npm.taobao.org/core-util-is/download/core-util-is-1.0.2.tgz"
                },
                "inherits": {
                  "version": "2.0.3",
                  "from": "http://registry.npm.taobao.org/inherits/download/inherits-2.0.3.tgz",
                  "resolved": "http://registry.npm.taobao.org/inherits/download/inherits-2.0.3.tgz"
                },
                "isarray": {
                  "version": "1.0.0",
                  "from": "http://registry.npm.taobao.org/isarray/download/isarray-1.0.0.tgz",
                  "resolved": "http://registry.npm.taobao.org/isarray/download/isarray-1.0.0.tgz"
                },
                "process-nextick-args": {
                  "version": "1.0.7",
                  "from": "http://registry.npm.taobao.org/process-nextick-args/download/process-nextick-args-1.0.7.tgz",
                  "resolved": "http://registry.npm.taobao.org/process-nextick-args/download/process-nextick-args-1.0.7.tgz"
                },
                "string_decoder": {
                  "version": "1.0.3",
                  "from": "http://registry.npm.taobao.org/string_decoder/download/string_decoder-1.0.3.tgz",
                  "resolved": "http://registry.npm.taobao.org/string_decoder/download/string_decoder-1.0.3.tgz"
                },
                "util-deprecate": {
                  "version": "1.0.2",
                  "from": "http://registry.npm.taobao.org/util-deprecate/download/util-deprecate-1.0.2.tgz",
                  "resolved": "http://registry.npm.taobao.org/util-deprecate/download/util-deprecate-1.0.2.tgz"
                }
              }
            }
          }
        },
        "mpath": {
          "version": "0.3.0",
          "from": "http://registry.npm.taobao.org/mpath/download/mpath-0.3.0.tgz",
          "resolved": "http://registry.npm.taobao.org/mpath/download/mpath-0.3.0.tgz"
        },
        "mpromise": {
          "version": "0.5.5",
          "from": "http://registry.npm.taobao.org/mpromise/download/mpromise-0.5.5.tgz",
          "resolved": "http://registry.npm.taobao.org/mpromise/download/mpromise-0.5.5.tgz"
        },
        "mquery": {
          "version": "2.3.1",
          "from": "http://registry.npm.taobao.org/mquery/download/mquery-2.3.1.tgz",
          "resolved": "http://registry.npm.taobao.org/mquery/download/mquery-2.3.1.tgz",
          "dependencies": {
            "bluebird": {
              "version": "2.10.2",
              "from": "http://registry.npm.taobao.org/bluebird/download/bluebird-2.10.2.tgz",
              "resolved": "http://registry.npm.taobao.org/bluebird/download/bluebird-2.10.2.tgz"
            },
            "sliced": {
              "version": "0.0.5",
              "from": "http://registry.npm.taobao.org/sliced/download/sliced-0.0.5.tgz",
              "resolved": "http://registry.npm.taobao.org/sliced/download/sliced-0.0.5.tgz"
            }
          }
        },
        "ms": {
          "version": "2.0.0",
          "from": "http://registry.npm.taobao.org/ms/download/ms-2.0.0.tgz",
          "resolved": "http://registry.npm.taobao.org/ms/download/ms-2.0.0.tgz"
        },
        "muri": {
          "version": "1.2.2",
          "from": "http://registry.npm.taobao.org/muri/download/muri-1.2.2.tgz",
          "resolved": "http://registry.npm.taobao.org/muri/download/muri-1.2.2.tgz"
        },
        "regexp-clone": {
          "version": "0.0.1",
          "from": "http://registry.npm.taobao.org/regexp-clone/download/regexp-clone-0.0.1.tgz",
          "resolved": "http://registry.npm.taobao.org/regexp-clone/download/regexp-clone-0.0.1.tgz"
        },
        "sliced": {
          "version": "1.0.1",
          "from": "http://registry.npm.taobao.org/sliced/download/sliced-1.0.1.tgz",
          "resolved": "http://registry.npm.taobao.org/sliced/download/sliced-1.0.1.tgz"
        }
      }
    },
    "morgan": {
      "version": "1.8.2",
      "from": "http://registry.npm.taobao.org/morgan/download/morgan-1.8.2.tgz",
      "resolved": "http://registry.npm.taobao.org/morgan/download/morgan-1.8.2.tgz",
      "dependencies": {
        "basic-auth": {
          "version": "1.1.0",
          "from": "http://registry.npm.taobao.org/basic-auth/download/basic-auth-1.1.0.tgz",
          "resolved": "http://registry.npm.taobao.org/basic-auth/download/basic-auth-1.1.0.tgz"
        },
        "depd": {
          "version": "1.1.1",
          "from": "http://registry.npm.taobao.org/depd/download/depd-1.1.1.tgz",
          "resolved": "http://registry.npm.taobao.org/depd/download/depd-1.1.1.tgz"
        },
        "on-finished": {
          "version": "2.3.0",
          "from": "http://registry.npm.taobao.org/on-finished/download/on-finished-2.3.0.tgz",
          "resolved": "http://registry.npm.taobao.org/on-finished/download/on-finished-2.3.0.tgz",
          "dependencies": {
            "ee-first": {
              "version": "1.1.1",
              "from": "http://registry.npm.taobao.org/ee-first/download/ee-first-1.1.1.tgz",
              "resolved": "http://registry.npm.taobao.org/ee-first/download/ee-first-1.1.1.tgz"
            }
          }
        },
        "on-headers": {
          "version": "1.0.1",
          "from": "http://registry.npm.taobao.org/on-headers/download/on-headers-1.0.1.tgz",
          "resolved": "http://registry.npm.taobao.org/on-headers/download/on-headers-1.0.1.tgz"
        }
      }
    },
    "open": {
      "version": "0.0.5",
      "from": "open@latest",
      "resolved": "https://registry.npm.taobao.org/open/download/open-0.0.5.tgz"
    },
    "rx": {
      "version": "2.3.24",
      "from": "rx@2.3.24",
      "resolved": "https://registry.npm.taobao.org/rx/download/rx-2.3.24.tgz"
    },
    "safe-buffer": {
      "version": "5.1.1",
      "from": "safe-buffer@>=5.1.0 <5.2.0",
      "resolved": "https://registry.npm.taobao.org/safe-buffer/download/safe-buffer-5.1.1.tgz"
    },
    "serve-favicon": {
      "version": "2.4.3",
      "from": "http://registry.npm.taobao.org/serve-favicon/download/serve-favicon-2.4.3.tgz",
      "resolved": "http://registry.npm.taobao.org/serve-favicon/download/serve-favicon-2.4.3.tgz",
      "dependencies": {
        "etag": {
          "version": "1.8.0",
          "from": "http://registry.npm.taobao.org/etag/download/etag-1.8.0.tgz",
          "resolved": "http://registry.npm.taobao.org/etag/download/etag-1.8.0.tgz"
        },
        "fresh": {
          "version": "0.5.0",
          "from": "http://registry.npm.taobao.org/fresh/download/fresh-0.5.0.tgz",
          "resolved": "http://registry.npm.taobao.org/fresh/download/fresh-0.5.0.tgz"
        },
        "ms": {
          "version": "2.0.0",
          "from": "http://registry.npm.taobao.org/ms/download/ms-2.0.0.tgz",
          "resolved": "http://registry.npm.taobao.org/ms/download/ms-2.0.0.tgz"
        },
        "parseurl": {
          "version": "1.3.1",
          "from": "http://registry.npm.taobao.org/parseurl/download/parseurl-1.3.1.tgz",
          "resolved": "http://registry.npm.taobao.org/parseurl/download/parseurl-1.3.1.tgz"
        },
        "safe-buffer": {
          "version": "5.0.1",
          "from": "http://registry.npm.taobao.org/safe-buffer/download/safe-buffer-5.0.1.tgz",
          "resolved": "http://registry.npm.taobao.org/safe-buffer/download/safe-buffer-5.0.1.tgz"
        }
      }
    },
    "spawn-command": {
      "version": "0.0.2-1",
      "from": "spawn-command@>=0.0.2-1 <0.0.3",
      "resolved": "https://registry.npm.taobao.org/spawn-command/download/spawn-command-0.0.2-1.tgz"
    },
    "strip-ansi": {
      "version": "0.3.0",
      "from": "strip-ansi@>=0.3.0 <0.4.0",
      "resolved": "https://registry.npmjs.org/strip-ansi/-/strip-ansi-0.3.0.tgz"
    },
    "supports-color": {
      "version": "3.2.3",
      "from": "supports-color@>=3.2.3 <4.0.0",
      "resolved": "https://registry.npm.taobao.org/supports-color/download/supports-color-3.2.3.tgz"
    },
    "tree-kill": {
      "version": "1.1.0",
      "from": "tree-kill@>=1.1.0 <2.0.0",
      "resolved": "https://registry.npm.taobao.org/tree-kill/download/tree-kill-1.1.0.tgz"
    }
  }
}
